
Microsoft Visual Studio Solution File, Format Version 12.00
# Visual Studio Version 17
VisualStudioVersion = 17.10.35004.147
MinimumVisualStudioVersion = 10.0.40219.1
Project("{FAE04EC0-301F-11D3-BF4B-00C04F79EFBC}") = "TradingCostTweaker", "TradingCostTweaker.csproj", "{BB1DB2BA-1AF7-4153-BC98-97D408CD03D1}"
EndProject
Global
	GlobalSection(SolutionConfigurationPlatforms) = preSolution
		Debug|Any CPU = Debug|Any CPU
		Release|Any CPU = Release|Any CPU
	EndGlobalSection
	GlobalSection(ProjectConfigurationPlatforms) = postSolution
		{BB1DB2BA-1AF7-4153-BC98-97D408CD03D1}.Debug|Any CPU.ActiveCfg = Debug|Any CPU
		{BB1DB2BA-1AF7-4153-BC98-97D408CD03D1}.Debug|Any CPU.Build.0 = Debug|Any CPU
		{BB1DB2BA-1AF7-4153-BC98-97D408CD03D1}.Release|Any CPU.ActiveCfg = Release|Any CPU
		{BB1DB2BA-1AF7-4153-BC98-97D408CD03D1}.Release|Any CPU.Build.0 = Release|Any CPU
	EndGlobalSection
	GlobalSection(SolutionProperties) = preSolution
		HideSolutionNode = FALSE
	EndGlobalSection
	GlobalSection(ExtensibilityGlobals) = postSolution
		SolutionGuid = {E68FBC74-028E-4E35-8A9F-D7893F87BFEE}
	EndGlobalSection
EndGlobal
